Microsoft Visual Studio Solution File, Format Version 12.00
# Visual Studio Version 17
VisualStudioVersion = 17.5.2.0
MinimumVisualStudioVersion = 10.0.40219.1
Project("{FAE04EC0-301F-11D3-BF4B-00C04F79EFBC}") = "B02", "B02.csproj", "{BABC8B10-CF6C-81E2-F24A-B229E8E83A94}"
EndProject
Global
	GlobalSection(SolutionConfigurationPlatforms) = preSolution
		Debug|Any CPU = Debug|Any CPU
		Release|Any CPU = Release|Any CPU
	EndGlobalSection
	GlobalSection(ProjectConfigurationPlatforms) = postSolution
		{BABC8B10-CF6C-81E2-F24A-B229E8E83A94}.Debug|Any CPU.ActiveCfg = Debug|Any CPU
		{BABC8B10-CF6C-81E2-F24A-B229E8E83A94}.Debug|Any CPU.Build.0 = Debug|Any CPU
		{BABC8B10-CF6C-81E2-F24A-B229E8E83A94}.Release|Any CPU.ActiveCfg = Release|Any CPU
		{BABC8B10-CF6C-81E2-F24A-B229E8E83A94}.Release|Any CPU.Build.0 = Release|Any CPU
	EndGlobalSection
	GlobalSection(SolutionProperties) = preSolution
		HideSolutionNode = FALSE
	EndGlobalSection
	GlobalSection(ExtensibilityGlobals) = postSolution
		SolutionGuid = {7846EB14-1919-410D-BE75-738FE1033506}
	EndGlobalSection
EndGlobal
